// !$*UTF8*$!
{
	archiveVersion = 1;
	classes = {
	};
	objectVersion = 46;
	objects = {

/* Begin PBXBuildFile section */
		7099ED1A1B083E21004602A3 /* main.m in Sources */ = {isa = PBXBuildFile; fileRef = 7099ED191B083E21004602A3 /* main.m */; };
		7099ED1D1B083E21004602A3 /* AppDelegate.m in Sources */ = {isa = PBXBuildFile; fileRef = 7099ED1C1B083E21004602A3 /* AppDelegate.m */; };
		7099ED201B083E21004602A3 /* ViewController.m in Sources */ = {isa = PBXBuildFile; fileRef = 7099ED1F1B083E21004602A3 /* ViewController.m */; };
		7099ED231B083E21004602A3 /* Main.storyboard in Resources */ = {isa = PBXBuildFile; fileRef = 7099ED211B083E21004602A3 /* Main.storyboard */; };
		7099ED251B083E21004602A3 /* Images.xcassets in Resources */ = {isa = PBXBuildFile; fileRef = 7099ED241B083E21004602A3 /* Images.xcassets */; };
		7099ED281B083E21004602A3 /* LaunchScreen.xib in Resources */ = {isa = PBXBuildFile; fileRef = 7099ED261B083E21004602A3 /* LaunchScreen.xib */; };
		7099ED341B083E22004602A3 /* _22Tests.m in Sources */ = {isa = PBXBuildFile; fileRef = 7099ED331B083E22004602A3 /* _22Tests.m */; };
/* End PBXBuildFile section */

/* Begin PBXContainerItemProxy section */
		7099ED2E1B083E22004602A3 /* PBXContainerItemProxy */ = {
			isa = PBXContainerItemProxy;
			containerPortal = 7099ED0C1B083E21004602A3 /* Project object */;
			proxyType = 1;
			remoteGlobalIDString = 7099ED131B083E21004602A3;
			remoteInfo = 222;
		};
/* End PBXContainerItemProxy section */

/* Begin PBXFileReference section */
		7099ED141B083E21004602A3 /* 222.app */ = {isa = PBXFileReference; explicitFileType = wrapper.application; includeInIndex = 0; path = 222.app; sourceTree = BUILT_PRODUCTS_DIR; };
		7099ED181B083E21004602A3 /* Info.plist */ = {isa = PBXFileReference; lastKnownFileType = text.plist.xml; path = Info.plist; sourceTree = "<group>"; };
		7099ED191B083E21004602A3 /* main.m */ = {isa = PBXFileReference; lastKnownFileType = sourcecode.c.objc; path = main.m; sourceTree = "<group>"; };
		7099ED1B1B083E21004602A3 /* AppDelegate.h */ = {isa = PBXFileReference; lastKnownFileType = sourcecode.c.h; path = AppDelegate.h; sourceTree = "<group>"; };
		7099ED1C1B083E21004602A3 /* AppDelegate.m */ = {isa = PBXFileReference; lastKnownFileType = sourcecode.c.objc; path = AppDelegate.m; sourceTree = "<group>"; };
		7099ED1E1B083E21004602A3 /* ViewController.h */ = {isa = PBXFileReference; lastKnownFileType = sourcecode.c.h; path = ViewController.h; sourceTree = "<group>"; };
		7099ED1F1B083E21004602A3 /* ViewController.m */ = {isa = PBXFileReference; lastKnownFileType = sourcecode.c.objc; path = ViewController.m; sourceTree = "<group>"; };
		7099ED221B083E21004602A3 /* Base */ = {isa = PBXFileReference; lastKnownFileType = file.storyboard; name = Base; path = Base.lproj/Main.storyboard; sourceTree = "<group>"; };
		7099ED241B083E21004602A3 /* Images.xcassets */ = {isa = PBXFileReference; lastKnownFileType = folder.assetcatalog; path = Images.xcassets; sourceTree = "<group>"; };
		7099ED271B083E21004602A3 /* Base */ = {isa = PBXFileReference; lastKnownFileType = file.xib; name = Base; path = Base.lproj/LaunchScreen.xib; sourceTree = "<group>"; };
		7099ED2D1B083E22004602A3 /* 222Tests.xctest */ = {isa = PBXFileReference; explicitFileType = wrapper.cfbundle; includeInIndex = 0; path = 222Tests.xctest; sourceTree = BUILT_PRODUCTS_DIR; };
		7099ED321B083E22004602A3 /* Info.plist */ = {isa = PBXFileReference; lastKnownFileType = text.plist.xml; path = Info.plist; sourceTree = "<group>"; };
		7099ED331B083E22004602A3 /* _22Tests.m */ = {isa = PBXFileReference; lastKnownFileType = sourcecode.c.objc; path = _22Tests.m; sourceTree = "<group>"; };
/* End PBXFileReference section */

/* Begin PBXFrameworksBuildPhase section */
		7099ED111B083E21004602A3 /* Frameworks */ = {
			isa = PBXFrameworksBuildPhase;
			buildActionMask = 2147483647;
			files = (
			);
			runOnlyForDeploymentPostprocessing = 0;
		};
		7099ED2A1B083E22004602A3 /* Frameworks */ = {
			isa = PBXFrameworksBuildPhase;
			buildActionMask = 2147483647;
			files = (
			);
			runOnlyForDeploymentPostprocessing = 0;
		};
/* End PBXFrameworksBuildPhase section */

/* Begin PBXGroup section */
		7099ED0B1B083E21004602A3 = {
			isa = PBXGroup;
			children = (
				7099ED161B083E21004602A3 /* 222 */,
				7099ED301B083E22004602A3 /* 222Tests */,
				7099ED151B083E21004602A3 /* Products */,
			);
			sourceTree = "<group>";
		};
		7099ED151B083E21004602A3 /* Products */ = {
			isa = PBXGroup;
			children = (
				7099ED141B083E21004602A3 /* 222.app */,
				7099ED2D1B083E22004602A3 /* 222Tests.xctest */,
			);
			name = Products;
			sourceTree = "<group>";
		};
		7099ED161B083E21004602A3 /* 222 */ = {
			isa = PBXGroup;
			children = (
				7099ED1B1B083E21004602A3 /* AppDelegate.h */,
				7099ED1C1B083E21004602A3 /* AppDelegate.m */,
				7099ED1E1B083E21004602A3 /* ViewController.h */,
				7099ED1F1B083E21004602A3 /* ViewController.m */,
				7099ED211B083E21004602A3 /* Main.storyboard */,
				7099ED241B083E21004602A3 /* Images.xcassets */,
				7099ED261B083E21004602A3 /* LaunchScreen.xib */,
				7099ED171B083E21004602A3 /* Supporting Files */,
			);
			path = 222;
			sourceTree = "<group>";
		};
		7099ED171B083E21004602A3 /* Supporting Files */ = {
			isa = PBXGroup;
			children = (
				7099ED181B083E21004602A3 /* Info.plist */,
				7099ED191B083E21004602A3 /* main.m */,
			);
			name = "Supporting Files";
			sourceTree = "<group>";
		};
		7099ED301B083E22004602A3 /* 222Tests */ = {
			isa = PBXGroup;
			children = (
				7099ED331B083E22004602A3 /* _22Tests.m */,
				7099ED311B083E22004602A3 /* Supporting Files */,
			);
			path = 222Tests;
			sourceTree = "<group>";
		};
		7099ED311B083E22004602A3 /* Supporting Files */ = {
			isa = PBXGroup;
			children = (
				7099ED321B083E22004602A3 /* Info.plist */,
			);
			name = "Supporting Files";
			sourceTree = "<group>";
		};
/* End PBXGroup section */

/* Begin PBXNativeTarget section */
		7099ED131B083E21004602A3 /* 222 */ = {
			isa = PBXNativeTarget;
			buildConfigurationList = 7099ED371B083E22004602A3 /* Build configuration list for PBXNativeTarget "222" */;
			buildPhases = (
				7099ED101B083E21004602A3 /* Sources */,
				7099ED111B083E21004602A3 /* Frameworks */,
				7099ED121B083E21004602A3 /* Resources */,
			);
			buildRules = (
			);
			dependencies = (
			);
			name = 222;
			productName = 222;
			productReference = 7099ED141B083E21004602A3 /* 222.app */;
			productType = "com.apple.product-type.application";
		};
		7099ED2C1B083E22004602A3 /* 222Tests */ = {
			isa = PBXNativeTarget;
			buildConfigurationList = 7099ED3A1B083E22004602A3 /* Build configuration list for PBXNativeTarget "222Tests" */;
			buildPhases = (
				7099ED291B083E22004602A3 /* Sources */,
				7099ED2A1B083E22004602A3 /* Frameworks */,
				7099ED2B1B083E22004602A3 /* Resources */,
			);
			buildRules = (
			);
			dependencies = (
				7099ED2F1B083E22004602A3 /* PBXTargetDependency */,
			);
			name = 222Tests;
			productName = 222Tests;
			productReference = 7099ED2D1B083E22004602A3 /* 222Tests.xctest */;
			productType = "com.apple.product-type.bundle.unit-test";
		};
/* End PBXNativeTarget section */

/* Begin PBXProject section */
		7099ED0C1B083E21004602A3 /* Project object */ = {
			isa = PBXProject;
			attributes = {
				LastUpgradeCheck = 0610;
				ORGANIZATIONNAME = cblx1;
				TargetAttributes = {
					7099ED131B083E21004602A3 = {
						CreatedOnToolsVersion = 6.1;
					};
					7099ED2C1B083E22004602A3 = {
						CreatedOnToolsVersion = 6.1;
						TestTargetID = 7099ED131B083E21004602A3;
					};
				};
			};
			buildConfigurationList = 7099ED0F1B083E21004602A3 /* Build configuration list for PBXProject "222" */;
			compatibilityVersion = "Xcode 3.2";
			developmentRegion = English;
			hasScannedForEncodings = 0;
			knownRegions = (
				en,
				Base,
			);
			mainGroup = 7099ED0B1B083E21004602A3;
			productRefGroup = 7099ED151B083E21004602A3 /* Products */;
			projectDirPath = "";
			projectRoot = "";
			targets = (
				7099ED131B083E21004602A3 /* 222 */,
				7099ED2C1B083E22004602A3 /* 222Tests */,
			);
		};
/* End PBXProject section */

/* Begin PBXResourcesBuildPhase section */
		7099ED121B083E21004602A3 /* Resources */ = {
			isa = PBXResourcesBuildPhase;
			buildActionMask = 2147483647;
			files = (
				7099ED231B083E21004602A3 /* Main.storyboard in Resources */,
				7099ED281B083E21004602A3 /* LaunchScreen.xib in Resources */,
				7099ED251B083E21004602A3 /* Images.xcassets in Resources */,
			);
			runOnlyForDeploymentPostprocessing = 0;
		};
		7099ED2B1B083E22004602A3 /* Resources */ = {
			isa = PBXResourcesBuildPhase;
			buildActionMask = 2147483647;
			files = (
			);
			runOnlyForDeploymentPostprocessing = 0;
		};
/* End PBXResourcesBuildPhase section */

/* Begin PBXSourcesBuildPhase section */
		7099ED101B083E21004602A3 /* Sources */ = {
			isa = PBXSourcesBuildPhase;
			buildActionMask = 2147483647;
			files = (
				7099ED201B083E21004602A3 /* ViewController.m in Sources */,
				7099ED1D1B083E21004602A3 /* AppDelegate.m in Sources */,
				7099ED1A1B083E21004602A3 /* main.m in Sources */,
			);
			runOnlyForDeploymentPostprocessing = 0;
		};
		7099ED291B083E22004602A3 /* Sources */ = {
			isa = PBXSourcesBuildPhase;
			buildActionMask = 2147483647;
			files = (
				7099ED341B083E22004602A3 /* _22Tests.m in Sources */,
			);
			runOnlyForDeploymentPostprocessing = 0;
		};
/* End PBXSourcesBuildPhase section */

/* Begin PBXTargetDependency section */
		7099ED2F1B083E22004602A3 /* PBXTargetDependency */ = {
			isa = PBXTargetDependency;
			target = 7099ED131B083E21004602A3 /* 222 */;
			targetProxy = 7099ED2E1B083E22004602A3 /* PBXContainerItemProxy */;
		};
/* End PBXTargetDependency section */

/* Begin PBXVariantGroup section */
		7099ED211B083E21004602A3 /* Main.storyboard */ = {
			isa = PBXVariantGroup;
			children = (
				7099ED221B083E21004602A3 /* Base */,
			);
			name = Main.storyboard;
			sourceTree = "<group>";
		};
		7099ED261B083E21004602A3 /* LaunchScreen.xib */ = {
			isa = PBXVariantGroup;
			children = (
				7099ED271B083E21004602A3 /* Base */,
			);
			name = LaunchScreen.xib;
			sourceTree = "<group>";
		};
/* End PBXVariantGroup section */

/* Begin XCBuildConfiguration section */
		7099ED351B083E22004602A3 /* Debug */ = {
			isa = XCBuildConfiguration;
			buildSettings = {
				ALWAYS_SEARCH_USER_PATHS = NO;
				CLANG_CXX_LANGUAGE_STANDARD = "gnu++0x";
				CLANG_CXX_LIBRARY = "libc++";
				CLANG_ENABLE_MODULES = YES;
				CLANG_ENABLE_OBJC_ARC = YES;
				CLANG_WARN_BOOL_CONVERSION = YES;
				CLANG_WARN_CONSTANT_CONVERSION = YES;
				CLANG_WARN_DIRECT_OBJC_ISA_USAGE = YES_ERROR;
				CLANG_WARN_EMPTY_BODY = YES;
				CLANG_WARN_ENUM_CONVERSION = YES;
				CLANG_WARN_INT_CONVERSION = YES;
				CLANG_WARN_OBJC_ROOT_CLASS = YES_ERROR;
				CLANG_WARN_UNREACHABLE_CODE = YES;
				CLANG_WARN__DUPLICATE_METHOD_MATCH = YES;
				"CODE_SIGN_IDENTITY[sdk=iphoneos*]" = "iPhone Developer";
				COPY_PHASE_STRIP = NO;
				ENABLE_STRICT_OBJC_MSGSEND = YES;
				GCC_C_LANGUAGE_STANDARD = gnu99;
				GCC_DYNAMIC_NO_PIC = NO;
				GCC_OPTIMIZATION_LEVEL = 0;
				GCC_PREPROCESSOR_DEFINITIONS = (
					"DEBUG=1",
					"$(inherited)",
				);
				GCC_SYMBOLS_PRIVATE_EXTERN = NO;
				GCC_WARN_64_TO_32_BIT_CONVERSION = YES;
				GCC_WARN_ABOUT_RETURN_TYPE = YES_ERROR;
				GCC_WARN_UNDECLARED_SELECTOR = YES;
				GCC_WARN_UNINITIALIZED_AUTOS = YES_AGGRESSIVE;
				GCC_WARN_UNUSED_FUNCTION = YES;
				GCC_WARN_UNUSED_VARIABLE = YES;
				IPHONEOS_DEPLOYMENT_TARGET = 8.1;
				MTL_ENABLE_DEBUG_INFO = YES;
				ONLY_ACTIVE_ARCH = YES;
				SDKROOT = iphoneos;
				TARGETED_DEVICE_FAMILY = "1,2";
			};
			name = Debug;
		};
		7099ED361B083E22004602A3 /* Release */ = {
			isa = XCBuildConfiguration;
			buildSettings = {
				ALWAYS_SEARCH_USER_PATHS = NO;
				CLANG_CXX_LANGUAGE_STANDARD = "gnu++0x";
				CLANG_CXX_LIBRARY = "libc++";
				CLANG_ENABLE_MODULES = YES;
				CLANG_ENABLE_OBJC_ARC = YES;
				CLANG_WARN_BOOL_CONVERSION = YES;
				CLANG_WARN_CONSTANT_CONVERSION = YES;
				CLANG_WARN_DIRECT_OBJC_ISA_USAGE = YES_ERROR;
				CLANG_WARN_EMPTY_BODY = YES;
				CLANG_WARN_ENUM_CONVERSION = YES;
				CLANG_WARN_INT_CONVERSION = YES;
				CLANG_WARN_OBJC_ROOT_CLASS = YES_ERROR;
				CLANG_WARN_UNREACHABLE_CODE = YES;
				CLANG_WARN__DUPLICATE_METHOD_MATCH = YES;
				"CODE_SIGN_IDENTITY[sdk=iphoneos*]" = "iPhone Developer";
				COPY_PHASE_STRIP = YES;
				ENABLE_NS_ASSERTIONS = NO;
				ENABLE_STRICT_OBJC_MSGSEND = YES;
				GCC_C_LANGUAGE_STANDARD = gnu99;
				GCC_WARN_64_TO_32_BIT_CONVERSION = YES;
				GCC_WARN_ABOUT_RETURN_TYPE = YES_ERROR;
				GCC_WARN_UNDECLARED_SELECTOR = YES;
				GCC_WARN_UNINITIALIZED_AUTOS = YES_AGGRESSIVE;
				GCC_WARN_UNUSED_FUNCTION = YES;
				GCC_WARN_UNUSED_VARIABLE = YES;
				IPHONEOS_DEPLOYMENT_TARGET = 8.1;
				MTL_ENABLE_DEBUG_INFO = NO;
				SDKROOT = iphoneos;
				TARGETED_DEVICE_FAMILY = "1,2";
				VALIDATE_PRODUCT = YES;
			};
			name = Release;
		};
		7099ED381B083E22004602A3 /* Debug */ = {
			isa = XCBuildConfiguration;
			buildSettings = {
				ASSETCATALOG_COMPILER_APPICON_NAME = AppIcon;
				INFOPLIST_FILE = 222/Info.plist;
				LD_RUNPATH_SEARCH_PATHS = "$(inherited) @executable_path/Frameworks";
				PRODUCT_NAME = "$(TARGET_NAME)";
			};
			name = Debug;
		};
		7099ED391B083E22004602A3 /* Release */ = {
			isa = XCBuildConfiguration;
			buildSettings = {
				ASSETCATALOG_COMPILER_APPICON_NAME = AppIcon;
				INFOPLIST_FILE = 222/Info.plist;
				LD_RUNPATH_SEARCH_PATHS = "$(inherited) @executable_path/Frameworks";
				PRODUCT_NAME = "$(TARGET_NAME)";
			};
			name = Release;
		};
		7099ED3B1B083E22004602A3 /* Debug */ = {
			isa = XCBuildConfiguration;
			buildSettings = {
				BUNDLE_LOADER = "$(TEST_HOST)";
				FRAMEWORK_SEARCH_PATHS = (
					"$(SDKROOT)/Developer/Library/Frameworks",
					"$(inherited)",
				);
				GCC_PREPROCESSOR_DEFINITIONS = (
					"DEBUG=1",
					"$(inherited)",
				);
				INFOPLIST_FILE = 222Tests/Info.plist;
				LD_RUNPATH_SEARCH_PATHS = "$(inherited) @executable_path/Frameworks @loader_path/Frameworks";
				PRODUCT_NAME = "$(TARGET_NAME)";
				TEST_HOST = "$(BUILT_PRODUCTS_DIR)/222.app/222";
			};
			name = Debug;
		};
		7099ED3C1B083E22004602A3 /* Release */ = {
			isa = XCBuildConfiguration;
			buildSettings = {
				BUNDLE_LOADER = "$(TEST_HOST)";
				FRAMEWORK_SEARCH_PATHS = (
					"$(SDKROOT)/Developer/Library/Frameworks",
					"$(inherited)",
				);
				INFOPLIST_FILE = 222Tests/Info.plist;
				LD_RUNPATH_SEARCH_PATHS = "$(inherited) @executable_path/Frameworks @loader_path/Frameworks";
				PRODUCT_NAME = "$(TARGET_NAME)";
				TEST_HOST = "$(BUILT_PRODUCTS_DIR)/222.app/222";
			};
			name = Release;
		};
/* End XCBuildConfiguration section */

/* Begin XCConfigurationList section */
		7099ED0F1B083E21004602A3 /* Build configuration list for PBXProject "222" */ = {
			isa = XCConfigurationList;
			buildConfigurations = (
				7099ED351B083E22004602A3 /* Debug */,
				7099ED361B083E22004602A3 /* Release */,
			);
			defaultConfigurationIsVisible = 0;
			defaultConfigurationName = Release;
		};
		7099ED371B083E22004602A3 /* Build configuration list for PBXNativeTarget "222" */ = {
			isa = XCConfigurationList;
			buildConfigurations = (
				7099ED381B083E22004602A3 /* Debug */,
				7099ED391B083E22004602A3 /* Release */,
			);
			defaultConfigurationIsVisible = 0;
		};
		7099ED3A1B083E22004602A3 /* Build configuration list for PBXNativeTarget "222Tests" */ = {
			isa = XCConfigurationList;
			buildConfigurations = (
				7099ED3B1B083E22004602A3 /* Debug */,
				7099ED3C1B083E22004602A3 /* Release */,
			);
			defaultConfigurationIsVisible = 0;
		};
/* End XCConfigurationList section */
	};
	rootObject = 7099ED0C1B083E21004602A3 /* Project object */;
}
